// !$*UTF8*$!
{
	archiveVersion = 1;
	classes = {
	};
	objectVersion = 50;
	objects = {

/* Begin PBXBuildFile section */
		0B17BF0E2552709C00512BBE /* ReadMeApp.swift in Sources */ = {isa = PBXBuildFile; fileRef = 0B17BF0D2552709C00512BBE /* ReadMeApp.swift */; };
		0B17BF102552709C00512BBE /* ContentView.swift in Sources */ = {isa = PBXBuildFile; fileRef = 0B17BF0F2552709C00512BBE /* ContentView.swift */; };
		0B17BF122552709D00512BBE /* Assets.xcassets in Resources */ = {isa = PBXBuildFile; fileRef = 0B17BF112552709D00512BBE /* Assets.xcassets */; };
		0B17BF152552709D00512BBE /* Preview Assets.xcassets in Resources */ = {isa = PBXBuildFile; fileRef = 0B17BF142552709D00512BBE /* Preview Assets.xcassets */; };
		0B17BF1E255273F700512BBE /* Book.swift in Sources */ = {isa = PBXBuildFile; fileRef = 0B17BF1D255273F700512BBE /* Book.swift */; };
		0B17BF2325528C8200512BBE /* Book views.swift in Sources */ = {isa = PBXBuildFile; fileRef = 0B17BF2225528C8200512BBE /* Book views.swift */; };
		0B498F1725596B96000C9511 /* NewBookView.swift in Sources */ = {isa = PBXBuildFile; fileRef = 0B498F1625596B96000C9511 /* NewBookView.swift */; };
		0B498F1B255A0FEA000C9511 /* BookImageView.swift in Sources */ = {isa = PBXBuildFile; fileRef = 0B498F1A255A0FEA000C9511 /* BookImageView.swift */; };
		0B498F1E255A107C000C9511 /* ReviewAndImageStack.swift in Sources */ = {isa = PBXBuildFile; fileRef = 0B498F1D255A107C000C9511 /* ReviewAndImageStack.swift */; };
		0B515B96255362AF009F682E /* Library.swift in Sources */ = {isa = PBXBuildFile; fileRef = 0B515B95255362AF009F682E /* Library.swift */; };
		0B515BB725579DBA009F682E /* DetailView.swift in Sources */ = {isa = PBXBuildFile; fileRef = 0B515BB625579DBA009F682E /* DetailView.swift */; };
		0B515BBD2558E104009F682E /* PHPickerViewController.View.swift in Sources */ = {isa = PBXBuildFile; fileRef = 0B515BBC2558E104009F682E /* PHPickerViewController.View.swift */; };
/* End PBXBuildFile section */

/* Begin PBXFileReference section */
		0B17BF0A2552709C00512BBE /* ReadMe.app */ = {isa = PBXFileReference; explicitFileType = wrapper.application; includeInIndex = 0; path = ReadMe.app; sourceTree = BUILT_PRODUCTS_DIR; };
		0B17BF0D2552709C00512BBE /* ReadMeApp.swift */ = {isa = PBXFileReference; lastKnownFileType = sourcecode.swift; path = ReadMeApp.swift; sourceTree = "<group>"; };
		0B17BF0F2552709C00512BBE /* ContentView.swift */ = {isa = PBXFileReference; lastKnownFileType = sourcecode.swift; path = ContentView.swift; sourceTree = "<group>"; };
		0B17BF112552709D00512BBE /* Assets.xcassets */ = {isa = PBXFileReference; lastKnownFileType = folder.assetcatalog; path = Assets.xcassets; sourceTree = "<group>"; };
		0B17BF142552709D00512BBE /* Preview Assets.xcassets */ = {isa = PBXFileReference; lastKnownFileType = folder.assetcatalog; path = "Preview Assets.xcassets"; sourceTree = "<group>"; };
		0B17BF162552709D00512BBE /* Info.plist */ = {isa = PBXFileReference; lastKnownFileType = text.plist.xml; path = Info.plist; sourceTree = "<group>"; };
		0B17BF1D255273F700512BBE /* Book.swift */ = {isa = PBXFileReference; lastKnownFileType = sourcecode.swift; path = Book.swift; sourceTree = "<group>"; };
		0B17BF2225528C8200512BBE /* Book views.swift */ = {isa = PBXFileReference; lastKnownFileType = sourcecode.swift; path = "Book views.swift"; sourceTree = "<group>"; };
		0B498F1625596B96000C9511 /* NewBookView.swift */ = {isa = PBXFileReference; lastKnownFileType = sourcecode.swift; path = NewBookView.swift; sourceTree = "<group>"; };
		0B498F1A255A0FEA000C9511 /* BookImageView.swift */ = {isa = PBXFileReference; lastKnownFileType = sourcecode.swift; path = BookImageView.swift; sourceTree = "<group>"; };
		0B498F1D255A107C000C9511 /* ReviewAndImageStack.swift */ = {isa = PBXFileReference; lastKnownFileType = sourcecode.swift; path = ReviewAndImageStack.swift; sourceTree = "<group>"; };
		0B515B95255362AF009F682E /* Library.swift */ = {isa = PBXFileReference; fileEncoding = 4; lastKnownFileType = sourcecode.swift; path = Library.swift; sourceTree = "<group>"; };
		0B515BB625579DBA009F682E /* DetailView.swift */ = {isa = PBXFileReference; lastKnownFileType = sourcecode.swift; path = DetailView.swift; sourceTree = "<group>"; };
		0B515BBC2558E104009F682E /* PHPickerViewController.View.swift */ = {isa = PBXFileReference; fileEncoding = 4; lastKnownFileType = sourcecode.swift; path = PHPickerViewController.View.swift; sourceTree = "<group>"; };
/* End PBXFileReference section */

/* Begin PBXFrameworksBuildPhase section */
		0B17BF072552709C00512BBE /* Frameworks */ = {
			isa = PBXFrameworksBuildPhase;
			buildActionMask = 2147483647;
			files = (
			);
			runOnlyForDeploymentPostprocessing = 0;
		};
/* End PBXFrameworksBuildPhase section */

/* Begin PBXGroup section */
		0B17BF012552709C00512BBE = {
			isa = PBXGroup;
			children = (
				0B17BF0C2552709C00512BBE /* ReadMe */,
				0B17BF0B2552709C00512BBE /* Products */,
			);
			sourceTree = "<group>";
		};
		0B17BF0B2552709C00512BBE /* Products */ = {
			isa = PBXGroup;
			children = (
				0B17BF0A2552709C00512BBE /* ReadMe.app */,
			);
			name = Products;
			sourceTree = "<group>";
		};
		0B17BF0C2552709C00512BBE /* ReadMe */ = {
			isa = PBXGroup;
			children = (
				0B515B95255362AF009F682E /* Library.swift */,
				0B17BF1D255273F700512BBE /* Book.swift */,
				0B17BF0D2552709C00512BBE /* ReadMeApp.swift */,
				0B17BF2125528C6500512BBE /* Views */,
				0B17BF112552709D00512BBE /* Assets.xcassets */,
				0B17BF162552709D00512BBE /* Info.plist */,
				0B17BF132552709D00512BBE /* Preview Content */,
			);
			path = ReadMe;
			sourceTree = "<group>";
		};
		0B17BF132552709D00512BBE /* Preview Content */ = {
			isa = PBXGroup;
			children = (
				0B17BF142552709D00512BBE /* Preview Assets.xcassets */,
			);
			path = "Preview Content";
			sourceTree = "<group>";
		};
		0B17BF2125528C6500512BBE /* Views */ = {
			isa = PBXGroup;
			children = (
				0B515BBC2558E104009F682E /* PHPickerViewController.View.swift */,
				0B17BF0F2552709C00512BBE /* ContentView.swift */,
				0B17BF2225528C8200512BBE /* Book views.swift */,
				0B515BB625579DBA009F682E /* DetailView.swift */,
				0B498F1625596B96000C9511 /* NewBookView.swift */,
				0B498F1A255A0FEA000C9511 /* BookImageView.swift */,
				0B498F1D255A107C000C9511 /* ReviewAndImageStack.swift */,
			);
			path = Views;
			sourceTree = "<group>";
		};
/* End PBXGroup section */

/* Begin PBXNativeTarget section */
		0B17BF092552709C00512BBE /* ReadMe */ = {
			isa = PBXNativeTarget;
			buildConfigurationList = 0B17BF192552709D00512BBE /* Build configuration list for PBXNativeTarget "ReadMe" */;
			buildPhases = (
				0B17BF062552709C00512BBE /* Sources */,
				0B17BF072552709C00512BBE /* Frameworks */,
				0B17BF082552709C00512BBE /* Resources */,
			);
			buildRules = (
			);
			dependencies = (
			);
			name = ReadMe;
			productName = ReadMe;
			productReference = 0B17BF0A2552709C00512BBE /* ReadMe.app */;
			productType = "com.apple.product-type.application";
		};
/* End PBXNativeTarget section */

/* Begin PBXProject section */
		0B17BF022552709C00512BBE /* Project object */ = {
			isa = PBXProject;
			attributes = {
				LastSwiftUpdateCheck = 1200;
				LastUpgradeCheck = 1200;
				TargetAttributes = {
					0B17BF092552709C00512BBE = {
						CreatedOnToolsVersion = 12.0.1;
					};
				};
			};
			buildConfigurationList = 0B17BF052552709C00512BBE /* Build configuration list for PBXProject "ReadMe" */;
			compatibilityVersion = "Xcode 9.3";
			developmentRegion = en;
			hasScannedForEncodings = 0;
			knownRegions = (
				en,
				Base,
			);
			mainGroup = 0B17BF012552709C00512BBE;
			productRefGroup = 0B17BF0B2552709C00512BBE /* Products */;
			projectDirPath = "";
			projectRoot = "";
			targets = (
				0B17BF092552709C00512BBE /* ReadMe */,
			);
		};
/* End PBXProject section */

/* Begin PBXResourcesBuildPhase section */
		0B17BF082552709C00512BBE /* Resources */ = {
			isa = PBXResourcesBuildPhase;
			buildActionMask = 2147483647;
			files = (
				0B17BF152552709D00512BBE /* Preview Assets.xcassets in Resources */,
				0B17BF122552709D00512BBE /* Assets.xcassets in Resources */,
			);
			runOnlyForDeploymentPostprocessing = 0;
		};
/* End PBXResourcesBuildPhase section */

/* Begin PBXSourcesBuildPhase section */
		0B17BF062552709C00512BBE /* Sources */ = {
			isa = PBXSourcesBuildPhase;
			buildActionMask = 2147483647;
			files = (
				0B17BF102552709C00512BBE /* ContentView.swift in Sources */,
				0B17BF0E2552709C00512BBE /* ReadMeApp.swift in Sources */,
				0B515BB725579DBA009F682E /* DetailView.swift in Sources */,
				0B498F1725596B96000C9511 /* NewBookView.swift in Sources */,
				0B17BF1E255273F700512BBE /* Book.swift in Sources */,
				0B515BBD2558E104009F682E /* PHPickerViewController.View.swift in Sources */,
				0B498F1E255A107C000C9511 /* ReviewAndImageStack.swift in Sources */,
				0B17BF2325528C8200512BBE /* Book views.swift in Sources */,
				0B498F1B255A0FEA000C9511 /* BookImageView.swift in Sources */,
				0B515B96255362AF009F682E /* Library.swift in Sources */,
			);
			runOnlyForDeploymentPostprocessing = 0;
		};
/* End PBXSourcesBuildPhase section */

/* Begin XCBuildConfiguration section */
		0B17BF172552709D00512BBE /* Debug */ = {
			isa = XCBuildConfiguration;
			buildSettings = {
				ALWAYS_SEARCH_USER_PATHS = NO;
				CLANG_ANALYZER_NONNULL = YES;
				CLANG_ANALYZER_NUMBER_OBJECT_CONVERSION = YES_AGGRESSIVE;
				CLANG_CXX_LANGUAGE_STANDARD = "gnu++14";
				CLANG_CXX_LIBRARY = "libc++";
				CLANG_ENABLE_MODULES = YES;
				CLANG_ENABLE_OBJC_ARC = YES;
				CLANG_ENABLE_OBJC_WEAK = YES;
				CLANG_WARN_BLOCK_CAPTURE_AUTORELEASING = YES;
				CLANG_WARN_BOOL_CONVERSION = YES;
				CLANG_WARN_COMMA = YES;
				CLANG_WARN_CONSTANT_CONVERSION = YES;
				CLANG_WARN_DEPRECATED_OBJC_IMPLEMENTATIONS = YES;
				CLANG_WARN_DIRECT_OBJC_ISA_USAGE = YES_ERROR;
				CLANG_WARN_DOCUMENTATION_COMMENTS = YES;
				CLANG_WARN_EMPTY_BODY = YES;
				CLANG_WARN_ENUM_CONVERSION = YES;
				CLANG_WARN_INFINITE_RECURSION = YES;
				CLANG_WARN_INT_CONVERSION = YES;
				CLANG_WARN_NON_LITERAL_NULL_CONVERSION = YES;
				CLANG_WARN_OBJC_IMPLICIT_RETAIN_SELF = YES;
				CLANG_WARN_OBJC_LITERAL_CONVERSION = YES;
				CLANG_WARN_OBJC_ROOT_CLASS = YES_ERROR;
				CLANG_WARN_QUOTED_INCLUDE_IN_FRAMEWORK_HEADER = YES;
				CLANG_WARN_RANGE_LOOP_ANALYSIS = YES;
				CLANG_WARN_STRICT_PROTOTYPES = YES;
				CLANG_WARN_SUSPICIOUS_MOVE = YES;
				CLANG_WARN_UNGUARDED_AVAILABILITY = YES_AGGRESSIVE;
				CLANG_WARN_UNREACHABLE_CODE = YES;
				CLANG_WARN__DUPLICATE_METHOD_MATCH = YES;
				COPY_PHASE_STRIP = NO;
				DEBUG_INFORMATION_FORMAT = dwarf;
				ENABLE_STRICT_OBJC_MSGSEND = YES;
				ENABLE_TESTABILITY = YES;
				GCC_C_LANGUAGE_STANDARD = gnu11;
				GCC_DYNAMIC_NO_PIC = NO;
				GCC_NO_COMMON_BLOCKS = YES;
				GCC_OPTIMIZATION_LEVEL = 0;
				GCC_PREPROCESSOR_DEFINITIONS = (
					"DEBUG=1",
					"$(inherited)",
				);
				GCC_WARN_64_TO_32_BIT_CONVERSION = YES;
				GCC_WARN_ABOUT_RETURN_TYPE = YES_ERROR;
				GCC_WARN_UNDECLARED_SELECTOR = YES;
				GCC_WARN_UNINITIALIZED_AUTOS = YES_AGGRESSIVE;
				GCC_WARN_UNUSED_FUNCTION = YES;
				GCC_WARN_UNUSED_VARIABLE = YES;
				IPHONEOS_DEPLOYMENT_TARGET = 14.0;
				MTL_ENABLE_DEBUG_INFO = INCLUDE_SOURCE;
				MTL_FAST_MATH = YES;
				ONLY_ACTIVE_ARCH = YES;
				SDKROOT = iphoneos;
				SWIFT_ACTIVE_COMPILATION_CONDITIONS = DEBUG;
				SWIFT_OPTIMIZATION_LEVEL = "-Onone";
			};
			name = Debug;
		};
		0B17BF182552709D00512BBE /* Release */ = {
			isa = XCBuildConfiguration;
			buildSettings = {
				ALWAYS_SEARCH_USER_PATHS = NO;
				CLANG_ANALYZER_NONNULL = YES;
				CLANG_ANALYZER_NUMBER_OBJECT_CONVERSION = YES_AGGRESSIVE;
				CLANG_CXX_LANGUAGE_STANDARD = "gnu++14";
				CLANG_CXX_LIBRARY = "libc++";
				CLANG_ENABLE_MODULES = YES;
				CLANG_ENABLE_OBJC_ARC = YES;
				CLANG_ENABLE_OBJC_WEAK = YES;
				CLANG_WARN_BLOCK_CAPTURE_AUTORELEASING = YES;
				CLANG_WARN_BOOL_CONVERSION = YES;
				CLANG_WARN_COMMA = YES;
				CLANG_WARN_CONSTANT_CONVERSION = YES;
				CLANG_WARN_DEPRECATED_OBJC_IMPLEMENTATIONS = YES;
				CLANG_WARN_DIRECT_OBJC_ISA_USAGE = YES_ERROR;
				CLANG_WARN_DOCUMENTATION_COMMENTS = YES;
				CLANG_WARN_EMPTY_BODY = YES;
				CLANG_WARN_ENUM_CONVERSION = YES;
				CLANG_WARN_INFINITE_RECURSION = YES;
				CLANG_WARN_INT_CONVERSION = YES;
				CLANG_WARN_NON_LITERAL_NULL_CONVERSION = YES;
				CLANG_WARN_OBJC_IMPLICIT_RETAIN_SELF = YES;
				CLANG_WARN_OBJC_LITERAL_CONVERSION = YES;
				CLANG_WARN_OBJC_ROOT_CLASS = YES_ERROR;
				CLANG_WARN_QUOTED_INCLUDE_IN_FRAMEWORK_HEADER = YES;
				CLANG_WARN_RANGE_LOOP_ANALYSIS = YES;
				CLANG_WARN_STRICT_PROTOTYPES = YES;
				CLANG_WARN_SUSPICIOUS_MOVE = YES;
				CLANG_WARN_UNGUARDED_AVAILABILITY = YES_AGGRESSIVE;
				CLANG_WARN_UNREACHABLE_CODE = YES;
				CLANG_WARN__DUPLICATE_METHOD_MATCH = YES;
				COPY_PHASE_STRIP = NO;
				DEBUG_INFORMATION_FORMAT = "dwarf-with-dsym";
				ENABLE_NS_ASSERTIONS = NO;
				ENABLE_STRICT_OBJC_MSGSEND = YES;
				GCC_C_LANGUAGE_STANDARD = gnu11;
				GCC_NO_COMMON_BLOCKS = YES;
				GCC_WARN_64_TO_32_BIT_CONVERSION = YES;
				GCC_WARN_ABOUT_RETURN_TYPE = YES_ERROR;
				GCC_WARN_UNDECLARED_SELECTOR = YES;
				GCC_WARN_UNINITIALIZED_AUTOS = YES_AGGRESSIVE;
				GCC_WARN_UNUSED_FUNCTION = YES;
				GCC_WARN_UNUSED_VARIABLE = YES;
				IPHONEOS_DEPLOYMENT_TARGET = 14.0;
				MTL_ENABLE_DEBUG_INFO = NO;
				MTL_FAST_MATH = YES;
				SDKROOT = iphoneos;
				SWIFT_COMPILATION_MODE = wholemodule;
				SWIFT_OPTIMIZATION_LEVEL = "-O";
				VALIDATE_PRODUCT = YES;
			};
			name = Release;
		};
		0B17BF1A2552709D00512BBE /* Debug */ = {
			isa = XCBuildConfiguration;
			buildSettings = {
				ASSETCATALOG_COMPILER_APPICON_NAME = AppIcon;
				ASSETCATALOG_COMPILER_GLOBAL_ACCENT_COLOR_NAME = AccentColor;
				CODE_SIGN_STYLE = Automatic;
				DEVELOPMENT_ASSET_PATHS = "\"ReadMe/Preview Content\"";
				DEVELOPMENT_TEAM = YN64A2N7PW;
				ENABLE_PREVIEWS = YES;
				INFOPLIST_FILE = ReadMe/Info.plist;
				IPHONEOS_DEPLOYMENT_TARGET = 14.0;
				LD_RUNPATH_SEARCH_PATHS = (
					"$(inherited)",
					"@executable_path/Frameworks",
				);
				PRODUCT_BUNDLE_IDENTIFIER = com.nickxu.ReadMe;
				PRODUCT_NAME = "$(TARGET_NAME)";
				SWIFT_VERSION = 5.0;
				TARGETED_DEVICE_FAMILY = "1,2";
			};
			name = Debug;
		};
		0B17BF1B2552709D00512BBE /* Release */ = {
			isa = XCBuildConfiguration;
			buildSettings = {
				ASSETCATALOG_COMPILER_APPICON_NAME = AppIcon;
				ASSETCATALOG_COMPILER_GLOBAL_ACCENT_COLOR_NAME = AccentColor;
				CODE_SIGN_STYLE = Automatic;
				DEVELOPMENT_ASSET_PATHS = "\"ReadMe/Preview Content\"";
				DEVELOPMENT_TEAM = YN64A2N7PW;
				ENABLE_PREVIEWS = YES;
				INFOPLIST_FILE = ReadMe/Info.plist;
				IPHONEOS_DEPLOYMENT_TARGET = 14.0;
				LD_RUNPATH_SEARCH_PATHS = (
					"$(inherited)",
					"@executable_path/Frameworks",
				);
				PRODUCT_BUNDLE_IDENTIFIER = com.nickxu.ReadMe;
				PRODUCT_NAME = "$(TARGET_NAME)";
				SWIFT_VERSION = 5.0;
				TARGETED_DEVICE_FAMILY = "1,2";
			};
			name = Release;
		};
/* End XCBuildConfiguration section */

/* Begin XCConfigurationList section */
		0B17BF052552709C00512BBE /* Build configuration list for PBXProject "ReadMe" */ = {
			isa = XCConfigurationList;
			buildConfigurations = (
				0B17BF172552709D00512BBE /* Debug */,
				0B17BF182552709D00512BBE /* Release */,
			);
			defaultConfigurationIsVisible = 0;
			defaultConfigurationName = Release;
		};
		0B17BF192552709D00512BBE /* Build configuration list for PBXNativeTarget "ReadMe" */ = {
			isa = XCConfigurationList;
			buildConfigurations = (
				0B17BF1A2552709D00512BBE /* Debug */,
				0B17BF1B2552709D00512BBE /* Release */,
			);
			defaultConfigurationIsVisible = 0;
			defaultConfigurationName = Release;
		};
/* End XCConfigurationList section */
	};
	rootObject = 0B17BF022552709C00512BBE /* Project object */;
}
